
Microsoft Visual Studio Solution File, Format Version 12.00
# Visual Studio Version 17
VisualStudioVersion = 17.10.34928.147
MinimumVisualStudioVersion = 10.0.40219.1
Project("{FAE04EC0-301F-11D3-BF4B-00C04F79EFBC}") = "FibonacciSequence", "FibonacciSequence\FibonacciSequence.csproj", "{C5509EE9-CB89-443B-94EC-5F08C9B0A7AD}"
EndProject
Global
	GlobalSection(SolutionConfigurationPlatforms) = preSolution
		Debug|Any CPU = Debug|Any CPU
		Release|Any CPU = Release|Any CPU
	EndGlobalSection
	GlobalSection(ProjectConfigurationPlatforms) = postSolution
		{C5509EE9-CB89-443B-94EC-5F08C9B0A7AD}.Debug|Any CPU.ActiveCfg = Debug|Any CPU
		{C5509EE9-CB89-443B-94EC-5F08C9B0A7AD}.Debug|Any CPU.Build.0 = Debug|Any CPU
		{C5509EE9-CB89-443B-94EC-5F08C9B0A7AD}.Release|Any CPU.ActiveCfg = Release|Any CPU
		{C5509EE9-CB89-443B-94EC-5F08C9B0A7AD}.Release|Any CPU.Build.0 = Release|Any CPU
	EndGlobalSection
	GlobalSection(SolutionProperties) = preSolution
		HideSolutionNode = FALSE
	EndGlobalSection
	GlobalSection(ExtensibilityGlobals) = postSolution
		SolutionGuid = {CCF5CA3C-F16D-4E73-98DA-2F969F13CA85}
	EndGlobalSection
EndGlobal
