
Microsoft Visual Studio Solution File, Format Version 12.00
# Visual Studio Version 17
VisualStudioVersion = 17.10.34928.147
MinimumVisualStudioVersion = 10.0.40219.1
Project("{FAE04EC0-301F-11D3-BF4B-00C04F79EFBC}") = "Exercises", "Exercises\Exercises.csproj", "{C04F6477-F088-4E04-9E80-6DF268FC6A1C}"
EndProject
Global
	GlobalSection(SolutionConfigurationPlatforms) = preSolution
		Debug|Any CPU = Debug|Any CPU
		Release|Any CPU = Release|Any CPU
	EndGlobalSection
	GlobalSection(ProjectConfigurationPlatforms) = postSolution
		{C04F6477-F088-4E04-9E80-6DF268FC6A1C}.Debug|Any CPU.ActiveCfg = Debug|Any CPU
		{C04F6477-F088-4E04-9E80-6DF268FC6A1C}.Debug|Any CPU.Build.0 = Debug|Any CPU
		{C04F6477-F088-4E04-9E80-6DF268FC6A1C}.Release|Any CPU.ActiveCfg = Release|Any CPU
		{C04F6477-F088-4E04-9E80-6DF268FC6A1C}.Release|Any CPU.Build.0 = Release|Any CPU
	EndGlobalSection
	GlobalSection(SolutionProperties) = preSolution
		HideSolutionNode = FALSE
	EndGlobalSection
	GlobalSection(ExtensibilityGlobals) = postSolution
		SolutionGuid = {4F8602D3-F76A-4080-B9BC-CF1009CEAC8C}
	EndGlobalSection
EndGlobal
