
Microsoft Visual Studio Solution File, Format Version 12.00
# Visual Studio Version 17
VisualStudioVersion = 17.10.34928.147
MinimumVisualStudioVersion = 10.0.40219.1
Project("{FAE04EC0-301F-11D3-BF4B-00C04F79EFBC}") = "MakingDecisions", "MakingDecisions\MakingDecisions.csproj", "{29CE81E4-1EB5-43D9-97E9-94D9DE62C13F}"
EndProject
Global
	GlobalSection(SolutionConfigurationPlatforms) = preSolution
		Debug|Any CPU = Debug|Any CPU
		Release|Any CPU = Release|Any CPU
	EndGlobalSection
	GlobalSection(ProjectConfigurationPlatforms) = postSolution
		{29CE81E4-1EB5-43D9-97E9-94D9DE62C13F}.Debug|Any CPU.ActiveCfg = Debug|Any CPU
		{29CE81E4-1EB5-43D9-97E9-94D9DE62C13F}.Debug|Any CPU.Build.0 = Debug|Any CPU
		{29CE81E4-1EB5-43D9-97E9-94D9DE62C13F}.Release|Any CPU.ActiveCfg = Release|Any CPU
		{29CE81E4-1EB5-43D9-97E9-94D9DE62C13F}.Release|Any CPU.Build.0 = Release|Any CPU
	EndGlobalSection
	GlobalSection(SolutionProperties) = preSolution
		HideSolutionNode = FALSE
	EndGlobalSection
	GlobalSection(ExtensibilityGlobals) = postSolution
		SolutionGuid = {6276DF9B-A7D1-4127-9842-DE10096505E1}
	EndGlobalSection
EndGlobal
